
Microsoft Visual Studio Solution File, Format Version 12.00
# Visual Studio Version 17
VisualStudioVersion = 17.5.33414.496
MinimumVisualStudioVersion = 10.0.40219.1
Project("{FAE04EC0-301F-11D3-BF4B-00C04F79EFBC}") = "EvaluationManagerG11", "EvaluationManagerG11\EvaluationManagerG11.csproj", "{2AD1E62D-F6C3-4FC5-A564-AF3D1069E2CA}"
EndProject
Global
	GlobalSection(SolutionConfigurationPlatforms) = preSolution
		Debug|Any CPU = Debug|Any CPU
		Release|Any CPU = Release|Any CPU
	EndGlobalSection
	GlobalSection(ProjectConfigurationPlatforms) = postSolution
		{2AD1E62D-F6C3-4FC5-A564-AF3D1069E2CA}.Debug|Any CPU.ActiveCfg = Debug|Any CPU
		{2AD1E62D-F6C3-4FC5-A564-AF3D1069E2CA}.Debug|Any CPU.Build.0 = Debug|Any CPU
		{2AD1E62D-F6C3-4FC5-A564-AF3D1069E2CA}.Release|Any CPU.ActiveCfg = Release|Any CPU
		{2AD1E62D-F6C3-4FC5-A564-AF3D1069E2CA}.Release|Any CPU.Build.0 = Release|Any CPU
	EndGlobalSection
	GlobalSection(SolutionProperties) = preSolution
		HideSolutionNode = FALSE
	EndGlobalSection
	GlobalSection(ExtensibilityGlobals) = postSolution
		SolutionGuid = {6497564B-9885-41A1-91D6-37B7AC61AEA4}
	EndGlobalSection
EndGlobal
